# Generated by buf. DO NOT EDIT.
version: v1
deps:
  - remote: buf.build
    owner: envoyproxy
    repository: protoc-gen-validate
    commit: 71881f09a0c5420a9545a07987a86728
    digest: shake256:d320bbf06653b1b2b45a1f95bfa82bf7b998221a777a042708c50d6f86a30d1a85b50c5704c597142d9b308280efe1295d39d76d1abea5f7046d3df4c8cc3cef
  - remote: buf.build
    owner: googleapis
    repository: googleapis
    commit: a86849a25cc04f4dbe9b15ddddfbc488
    digest: shake256:e19143328f8cbfe13fc226aeee5e63773ca494693a72740a7560664270039a380d94a1344234b88c7691311460df9a9b1c2982190d0a2612eae80368718e1943
  - remote: buf.build
    owner: grpc-ecosystem
    repository: grpc-gateway
    commit: fed2dcdcfd694403ad51cd3c94957830
    digest: shake256:ed076a21e3d772892fc465ced0e4dd50f9dba86fdd4473920eaa25efa4807644e8e021be423dcfcee74bf4242e7e57422393f9b1abb10acb18ea1a5df509bb19
  - remote: buf.build
    owner: openfga
    repository: api
    commit: ccf33d91f8ba47a1ba8a8f26563c75b1
    digest: shake256:fffb12694c67085abb0cb2038f267bd58f39b82f9b29026a42fe96c4dd54ac131cf2ba827c6ef728bd1bbb6e6465f4ac0d0b12368cfc91a4190377299dd0846b
